schema: '2.0'
stages:
  clean:
    cmd: python 01_clean_data.py
    deps:
    - path: 01_clean_data.py
      md5: fe6022fc910de2087595cc6e736f6f9f
      size: 810
    - path: data/abalone.data
      md5: a769fd0119787cac09158fe08971e480
      size: 191873
    outs:
    - path: data/abalone.csv
      md5: 68821df28b91c28a287a67a6cb2a1bda
      size: 191968
  summary:
    cmd: python 02_summary_stats.py
    deps:
    - path: 02_summary_stats.py
      md5: 85cdbac16e2e1965633bcf2230ef3210
      size: 654
    - path: data/abalone.csv
      md5: 68821df28b91c28a287a67a6cb2a1bda
      size: 191968
